
Microsoft Visual Studio Solution File, Format Version 12.00
# Visual Studio Version 16
VisualStudioVersion = 16.0.30717.126
MinimumVisualStudioVersion = 10.0.40219.1
Project("{FAE04EC0-301F-11D3-BF4B-00C04F79EFBC}") = "projecto11_ClaseMath", "projecto11_ClaseMath\projecto11_ClaseMath.csproj", "{D0D94D1C-5533-410B-B556-98E004AC67D3}"
EndProject
Global
	GlobalSection(SolutionConfigurationPlatforms) = preSolution
		Debug|Any CPU = Debug|Any CPU
		Release|Any CPU = Release|Any CPU
	EndGlobalSection
	GlobalSection(ProjectConfigurationPlatforms) = postSolution
		{D0D94D1C-5533-410B-B556-98E004AC67D3}.Debug|Any CPU.ActiveCfg = Debug|Any CPU
		{D0D94D1C-5533-410B-B556-98E004AC67D3}.Debug|Any CPU.Build.0 = Debug|Any CPU
		{D0D94D1C-5533-410B-B556-98E004AC67D3}.Release|Any CPU.ActiveCfg = Release|Any CPU
		{D0D94D1C-5533-410B-B556-98E004AC67D3}.Release|Any CPU.Build.0 = Release|Any CPU
	EndGlobalSection
	GlobalSection(SolutionProperties) = preSolution
		HideSolutionNode = FALSE
	EndGlobalSection
	GlobalSection(ExtensibilityGlobals) = postSolution
		SolutionGuid = {7F68C1E2-D8DA-452B-847C-AFF80F4A9398}
	EndGlobalSection
EndGlobal
